
Microsoft Visual Studio Solution File, Format Version 12.00
# Visual Studio Version 17
VisualStudioVersion = 17.0.31903.59
MinimumVisualStudioVersion = 10.0.40219.1
Project("{FAE04EC0-301F-11D3-BF4B-00C04F79EFBC}") = "01_FirstCoding", "01_FirstCoding\01_FirstCoding.csproj", "{C52FE19A-F19C-4641-B3AA-24BECFB2B753}"
EndProject
Project("{FAE04EC0-301F-11D3-BF4B-00C04F79EFBC}") = "02_for_if", "02_for_if\02_for_if.csproj", "{70F441E6-06CB-4403-B89F-CF1FF694A755}"
EndProject
Project("{FAE04EC0-301F-11D3-BF4B-00C04F79EFBC}") = "03_array", "03_array\03_array.csproj", "{56976404-2A37-4DC3-BE9D-F989FDEB5AE6}"
EndProject
Project("{FAE04EC0-301F-11D3-BF4B-00C04F79EFBC}") = "04_struct", "04_struct\04_struct.csproj", "{CA5185F1-AC5C-44B5-9DEF-F42F729F68D0}"
EndProject
Project("{FAE04EC0-301F-11D3-BF4B-00C04F79EFBC}") = "05_struct_array", "05_struct_array\05_struct_array.csproj", "{FEA4F3B0-EB18-4A82-B67E-05AD7149D98F}"
EndProject
Project("{FAE04EC0-301F-11D3-BF4B-00C04F79EFBC}") = "06_static", "06_static\06_static.csproj", "{54DB0EDF-52B3-4CC8-BC14-CE41773778FC}"
EndProject
Project("{FAE04EC0-301F-11D3-BF4B-00C04F79EFBC}") = "07_refence_types", "07_refence_types\07_refence_types.csproj", "{0F67656F-64B3-431C-8E92-DDD34422FF33}"
EndProject
Project("{FAE04EC0-301F-11D3-BF4B-00C04F79EFBC}") = "08_static_apple", "08_static_apple\08_static_apple.csproj", "{73D6C3CF-3A70-4803-A53B-45A08A2330E7}"
EndProject
Project("{FAE04EC0-301F-11D3-BF4B-00C04F79EFBC}") = "09_static_animal", "09_static_animal\09_static_animal.csproj", "{34E5FFC7-483F-43CB-A96A-3C62B303017B}"
EndProject
Project("{FAE04EC0-301F-11D3-BF4B-00C04F79EFBC}") = "15_menu", "15_menu\15_menu.csproj", "{0401EFD7-3E73-433C-84E0-4653761F5011}"
EndProject
Project("{FAE04EC0-301F-11D3-BF4B-00C04F79EFBC}") = "seedGenerator", "seedGenerator\seedGenerator.csproj", "{35A8293B-3222-466E-9C00-2ADB0F66AE62}"
EndProject
Project("{FAE04EC0-301F-11D3-BF4B-00C04F79EFBC}") = "14_enum_string", "14_enum_string\14_enum_string.csproj", "{D76E236B-07BE-4792-B04D-4AB1FCFEC6E2}"
EndProject
Project("{FAE04EC0-301F-11D3-BF4B-00C04F79EFBC}") = "10_enum", "10_enum\10_enum.csproj", "{12380580-E88D-4339-9871-59FBD131154C}"
EndProject
Global
	GlobalSection(SolutionConfigurationPlatforms) = preSolution
		Debug|Any CPU = Debug|Any CPU
		Release|Any CPU = Release|Any CPU
	EndGlobalSection
	GlobalSection(SolutionProperties) = preSolution
		HideSolutionNode = FALSE
	EndGlobalSection
	GlobalSection(ProjectConfigurationPlatforms) = postSolution
		{C52FE19A-F19C-4641-B3AA-24BECFB2B753}.Debug|Any CPU.ActiveCfg = Debug|Any CPU
		{C52FE19A-F19C-4641-B3AA-24BECFB2B753}.Debug|Any CPU.Build.0 = Debug|Any CPU
		{C52FE19A-F19C-4641-B3AA-24BECFB2B753}.Release|Any CPU.ActiveCfg = Release|Any CPU
		{C52FE19A-F19C-4641-B3AA-24BECFB2B753}.Release|Any CPU.Build.0 = Release|Any CPU
		{70F441E6-06CB-4403-B89F-CF1FF694A755}.Debug|Any CPU.ActiveCfg = Debug|Any CPU
		{70F441E6-06CB-4403-B89F-CF1FF694A755}.Debug|Any CPU.Build.0 = Debug|Any CPU
		{70F441E6-06CB-4403-B89F-CF1FF694A755}.Release|Any CPU.ActiveCfg = Release|Any CPU
		{70F441E6-06CB-4403-B89F-CF1FF694A755}.Release|Any CPU.Build.0 = Release|Any CPU
		{1D97375F-033A-4B01-9298-E0165D90B5AA}.Debug|Any CPU.ActiveCfg = Debug|Any CPU
		{1D97375F-033A-4B01-9298-E0165D90B5AA}.Debug|Any CPU.Build.0 = Debug|Any CPU
		{1D97375F-033A-4B01-9298-E0165D90B5AA}.Release|Any CPU.ActiveCfg = Release|Any CPU
		{1D97375F-033A-4B01-9298-E0165D90B5AA}.Release|Any CPU.Build.0 = Release|Any CPU
		{56976404-2A37-4DC3-BE9D-F989FDEB5AE6}.Debug|Any CPU.ActiveCfg = Debug|Any CPU
		{56976404-2A37-4DC3-BE9D-F989FDEB5AE6}.Debug|Any CPU.Build.0 = Debug|Any CPU
		{56976404-2A37-4DC3-BE9D-F989FDEB5AE6}.Release|Any CPU.ActiveCfg = Release|Any CPU
		{56976404-2A37-4DC3-BE9D-F989FDEB5AE6}.Release|Any CPU.Build.0 = Release|Any CPU
		{CA5185F1-AC5C-44B5-9DEF-F42F729F68D0}.Debug|Any CPU.ActiveCfg = Debug|Any CPU
		{CA5185F1-AC5C-44B5-9DEF-F42F729F68D0}.Debug|Any CPU.Build.0 = Debug|Any CPU
		{CA5185F1-AC5C-44B5-9DEF-F42F729F68D0}.Release|Any CPU.ActiveCfg = Release|Any CPU
		{CA5185F1-AC5C-44B5-9DEF-F42F729F68D0}.Release|Any CPU.Build.0 = Release|Any CPU
		{FEA4F3B0-EB18-4A82-B67E-05AD7149D98F}.Debug|Any CPU.ActiveCfg = Debug|Any CPU
		{FEA4F3B0-EB18-4A82-B67E-05AD7149D98F}.Debug|Any CPU.Build.0 = Debug|Any CPU
		{FEA4F3B0-EB18-4A82-B67E-05AD7149D98F}.Release|Any CPU.ActiveCfg = Release|Any CPU
		{FEA4F3B0-EB18-4A82-B67E-05AD7149D98F}.Release|Any CPU.Build.0 = Release|Any CPU
		{54DB0EDF-52B3-4CC8-BC14-CE41773778FC}.Debug|Any CPU.ActiveCfg = Debug|Any CPU
		{54DB0EDF-52B3-4CC8-BC14-CE41773778FC}.Debug|Any CPU.Build.0 = Debug|Any CPU
		{54DB0EDF-52B3-4CC8-BC14-CE41773778FC}.Release|Any CPU.ActiveCfg = Release|Any CPU
		{54DB0EDF-52B3-4CC8-BC14-CE41773778FC}.Release|Any CPU.Build.0 = Release|Any CPU
		{0F67656F-64B3-431C-8E92-DDD34422FF33}.Debug|Any CPU.ActiveCfg = Debug|Any CPU
		{0F67656F-64B3-431C-8E92-DDD34422FF33}.Debug|Any CPU.Build.0 = Debug|Any CPU
		{0F67656F-64B3-431C-8E92-DDD34422FF33}.Release|Any CPU.ActiveCfg = Release|Any CPU
		{0F67656F-64B3-431C-8E92-DDD34422FF33}.Release|Any CPU.Build.0 = Release|Any CPU
		{73D6C3CF-3A70-4803-A53B-45A08A2330E7}.Debug|Any CPU.ActiveCfg = Debug|Any CPU
		{73D6C3CF-3A70-4803-A53B-45A08A2330E7}.Debug|Any CPU.Build.0 = Debug|Any CPU
		{73D6C3CF-3A70-4803-A53B-45A08A2330E7}.Release|Any CPU.ActiveCfg = Release|Any CPU
		{73D6C3CF-3A70-4803-A53B-45A08A2330E7}.Release|Any CPU.Build.0 = Release|Any CPU
		{34E5FFC7-483F-43CB-A96A-3C62B303017B}.Debug|Any CPU.ActiveCfg = Debug|Any CPU
		{34E5FFC7-483F-43CB-A96A-3C62B303017B}.Debug|Any CPU.Build.0 = Debug|Any CPU
		{34E5FFC7-483F-43CB-A96A-3C62B303017B}.Release|Any CPU.ActiveCfg = Release|Any CPU
		{34E5FFC7-483F-43CB-A96A-3C62B303017B}.Release|Any CPU.Build.0 = Release|Any CPU
		{0401EFD7-3E73-433C-84E0-4653761F5011}.Debug|Any CPU.ActiveCfg = Debug|Any CPU
		{0401EFD7-3E73-433C-84E0-4653761F5011}.Debug|Any CPU.Build.0 = Debug|Any CPU
		{0401EFD7-3E73-433C-84E0-4653761F5011}.Release|Any CPU.ActiveCfg = Release|Any CPU
		{0401EFD7-3E73-433C-84E0-4653761F5011}.Release|Any CPU.Build.0 = Release|Any CPU
		{35A8293B-3222-466E-9C00-2ADB0F66AE62}.Debug|Any CPU.ActiveCfg = Debug|Any CPU
		{35A8293B-3222-466E-9C00-2ADB0F66AE62}.Debug|Any CPU.Build.0 = Debug|Any CPU
		{35A8293B-3222-466E-9C00-2ADB0F66AE62}.Release|Any CPU.ActiveCfg = Release|Any CPU
		{35A8293B-3222-466E-9C00-2ADB0F66AE62}.Release|Any CPU.Build.0 = Release|Any CPU
		{D76E236B-07BE-4792-B04D-4AB1FCFEC6E2}.Debug|Any CPU.ActiveCfg = Debug|Any CPU
		{D76E236B-07BE-4792-B04D-4AB1FCFEC6E2}.Debug|Any CPU.Build.0 = Debug|Any CPU
		{D76E236B-07BE-4792-B04D-4AB1FCFEC6E2}.Release|Any CPU.ActiveCfg = Release|Any CPU
		{D76E236B-07BE-4792-B04D-4AB1FCFEC6E2}.Release|Any CPU.Build.0 = Release|Any CPU
		{12380580-E88D-4339-9871-59FBD131154C}.Debug|Any CPU.ActiveCfg = Debug|Any CPU
		{12380580-E88D-4339-9871-59FBD131154C}.Debug|Any CPU.Build.0 = Debug|Any CPU
		{12380580-E88D-4339-9871-59FBD131154C}.Release|Any CPU.ActiveCfg = Release|Any CPU
		{12380580-E88D-4339-9871-59FBD131154C}.Release|Any CPU.Build.0 = Release|Any CPU
	EndGlobalSection
EndGlobal
